# THIS IS AN AUTOGENERATED FILE. DO NOT EDIT THIS FILE DIRECTLY.
# yarn lockfile v1


"@ampproject/remapping@^2.2.0":
  version "2.2.0"
  resolved "https://registry.npmmirror.com/@ampproject/remapping/-/remapping-2.2.0.tgz#56c133824780de3174aed5ab6834f3026790154d"
  integrity sha512-qRmjj8nj9qmLTQXXmaR1cck3UXSRMPrbsLJAasZpF+t3riI71BXed5ebIOYwQntykeZuhjsdweEc9BxH5Jc26w==
  dependencies:
    "@jridgewell/gen-mapping" "^0.1.0"
    "@jridgewell/trace-mapping" "^0.3.9"

"@antfu/install-pkg@^0.1.0":
  version "0.1.1"
  resolved "https://registry.npmmirror.com/@antfu/install-pkg/-/install-pkg-0.1.1.tgz#157bb04f0de8100b9e4c01734db1a6c77e98bbb5"
  integrity sha512-LyB/8+bSfa0DFGC06zpCEfs89/XoWZwws5ygEa5D+Xsm3OfI+aXQ86VgVG7Acyef+rSZ5HE7J8rrxzrQeM3PjQ==
  dependencies:
    execa "^5.1.1"
    find-up "^5.0.0"

"@antfu/utils@^0.5.2":
  version "0.5.2"
  resolved "https://registry.npmmirror.com/@antfu/utils/-/utils-0.5.2.tgz#8c2d931ff927be0ebe740169874a3d4004ab414b"
  integrity sha512-CQkeV+oJxUazwjlHD0/3ZD08QWKuGQkhnrKo3e6ly5pd48VUpXbb77q0xMU4+vc2CkJnDS02Eq/M9ugyX20XZA==

"@iconify/types@^2.0.0":
  version "2.0.0"
  resolved "https://registry.npmmirror.com/@iconify/types/-/types-2.0.0.tgz#ab0e9ea681d6c8a1214f30cd741fe3a20cc57f57"
  integrity sha512-+wluvCrRhXrhyOmRDJ3q8mux9JkKy5SJ/v8ol2tu4FVjyYvtEzkc/3pK15ET6RKg4b4w4BmTk1+gsCUhf21Ykg==

"@iconify/utils@^2.0.0":
  version "2.0.0"
  resolved "https://registry.npmmirror.com/@iconify/utils/-/utils-2.0.0.tgz#2a807c79b2dea549a014166c4311961935d25780"
  integrity sha512-thvwZ6m3frWJiOYwRdHPSPGC25rmyvDl0vXdQ8ocRJZx31m8Pn4y7V1mTc5UReR6MiAj+hrV2UPZQjx7zI960g==
  dependencies:
    "@antfu/install-pkg" "^0.1.0"
    "@antfu/utils" "^0.5.2"
    "@iconify/types" "^2.0.0"
    debug "^4.3.4"
    kolorist "^1.5.1"
    local-pkg "^0.4.2"

"@jridgewell/gen-mapping@^0.1.0":
  version "0.1.1"
  resolved "https://registry.npmmirror.com/@jridgewell/gen-mapping/-/gen-mapping-0.1.1.tgz#e5d2e450306a9491e3bd77e323e38d7aff315996"
  integrity sha512-sQXCasFk+U8lWYEe66WxRDOE9PjVz4vSM51fTu3Hw+ClTpUSQb718772vH3pyS5pShp6lvQM7SxgIDXXXmOX7w==
  dependencies:
    "@jridgewell/set-array" "^1.0.0"
    "@jridgewell/sourcemap-codec" "^1.4.10"

"@jridgewell/resolve-uri@3.1.0":
  version "3.1.0"
  resolved "https://registry.npmmirror.com/@jridgewell/resolve-uri/-/resolve-uri-3.1.0.tgz#2203b118c157721addfe69d47b70465463066d78"
  integrity sha512-F2msla3tad+Mfht5cJq7LSXcdudKTWCVYUgw6pLFOOHSTtZlj6SWNYAp+AhuqLmWdBO2X5hPrLcu8cVP8fy28w==

"@jridgewell/set-array@^1.0.0":
  version "1.1.2"
  resolved "https://registry.npmmirror.com/@jridgewell/set-array/-/set-array-1.1.2.tgz#7c6cf998d6d20b914c0a55a91ae928ff25965e72"
  integrity sha512-xnkseuNADM0gt2bs+BvhO0p78Mk762YnZdsuzFV018NoG1Sj1SCQvpSqa7XUaTam5vAGasABV9qXASMKnFMwMw==

"@jridgewell/sourcemap-codec@1.4.14", "@jridgewell/sourcemap-codec@^1.4.10":
  version "1.4.14"
  resolved "https://registry.npmmirror.com/@jridgewell/sourcemap-codec/-/sourcemap-codec-1.4.14.tgz#add4c98d341472a289190b424efbdb096991bb24"
  integrity sha512-XPSJHWmi394fuUuzDnGz1wiKqWfo1yXecHQMRf2l6hztTO+nPru658AyDngaBe7isIxEkRsPR3FZh+s7iVa4Uw==

"@jridgewell/trace-mapping@^0.3.9":
  version "0.3.16"
  resolved "https://registry.npmmirror.com/@jridgewell/trace-mapping/-/trace-mapping-0.3.16.tgz#a7982f16c18cae02be36274365433e5b49d7b23f"
  integrity sha512-LCQ+NeThyJ4k1W2d+vIKdxuSt9R3pQSZ4P92m7EakaYuXcVWbHuT5bjNcqLd4Rdgi6xYWYDvBJZJLZSLanjDcA==
  dependencies:
    "@jridgewell/resolve-uri" "3.1.0"
    "@jridgewell/sourcemap-codec" "1.4.14"

"@nodelib/fs.scandir@2.1.5":
  version "2.1.5"
  resolved "https://registry.npmmirror.com/@nodelib/fs.scandir/-/fs.scandir-2.1.5.tgz#7619c2eb21b25483f6d167548b4cfd5a7488c3d5"
  integrity sha512-vq24Bq3ym5HEQm2NKCr3yXDwjc7vTsEThRDnkp2DK9p1uqLR+DHurm/NOTo0KG7HYHU7eppKZj3MyqYuMBf62g==
  dependencies:
    "@nodelib/fs.stat" "2.0.5"
    run-parallel "^1.1.9"

"@nodelib/fs.stat@2.0.5", "@nodelib/fs.stat@^2.0.2":
  version "2.0.5"
  resolved "https://registry.npmmirror.com/@nodelib/fs.stat/-/fs.stat-2.0.5.tgz#5bd262af94e9d25bd1e71b05deed44876a222e8b"
  integrity sha512-RkhPPp2zrqDAQA/2jNhnztcPAlv64XdhIp7a7454A5ovI7Bukxgt7MX7udwAu3zg1DcpPU0rz3VV1SeaqvY4+A==

"@nodelib/fs.walk@^1.2.3":
  version "1.2.8"
  resolved "https://registry.npmmirror.com/@nodelib/fs.walk/-/fs.walk-1.2.8.tgz#e95737e8bb6746ddedf69c556953494f196fe69a"
  integrity sha512-oGB+UxlgWcgQkgwo8GcEGwemoTFt3FIO9ababBmaGwXIoBKZ+GTy0pP185beGg7Llih/NSHSV2XAs1lnznocSg==
  dependencies:
    "@nodelib/fs.scandir" "2.1.5"
    fastq "^1.6.0"

"@polka/url@^1.0.0-next.20":
  version "1.0.0-next.21"
  resolved "https://registry.npmmirror.com/@polka/url/-/url-1.0.0-next.21.tgz#5de5a2385a35309427f6011992b544514d559aa1"
  integrity sha512-a5Sab1C4/icpTZVzZc5Ghpz88yQtGOyNqYXcZgOssB2uuAr+wF/MvN6bgtW32q7HHrvBki+BsZ0OuNv6EV3K9g==

"@rollup/pluginutils@^4.2.1":
  version "4.2.1"
  resolved "https://registry.npmmirror.com/@rollup/pluginutils/-/pluginutils-4.2.1.tgz#e6c6c3aba0744edce3fb2074922d3776c0af2a6d"
  integrity sha512-iKnFXr7NkdZAIHiIWE+BX5ULi/ucVFYWD6TbAV+rZctiRTY2PL6tsIKhoIOaoskiWAkgu+VsbXgUVDNLHf+InQ==
  dependencies:
    estree-walker "^2.0.1"
    picomatch "^2.2.2"

"@unocss/astro@0.45.28":
  version "0.45.28"
  resolved "https://registry.npmmirror.com/@unocss/astro/-/astro-0.45.28.tgz#9dc5ded86f2903efa3e06a5b20c59a0d34b33014"
  integrity sha512-L4cT4DpW6yRBoARsaeT8sC1GcKt9Cxf047FePwvV0llceMpztRb791JoCjBTKl8vU857feFfgPFkKsBOQ1s7AQ==
  dependencies:
    "@unocss/core" "0.45.28"
    "@unocss/reset" "0.45.28"
    "@unocss/vite" "0.45.28"

"@unocss/cli@0.45.28", "@unocss/cli@^0.45.26":
  version "0.45.28"
  resolved "https://registry.npmmirror.com/@unocss/cli/-/cli-0.45.28.tgz#332f1eb7001bec7af80631ccd044aa7c89101a53"
  integrity sha512-3pG8V3fEkox0RI60OtyUDfiudWZAee1S3EzKnyCs4JvwfuQZwnkc4YflfmQfqKwdn1Yd5VHlCCa0Z3CZD8eypA==
  dependencies:
    "@ampproject/remapping" "^2.2.0"
    "@rollup/pluginutils" "^4.2.1"
    "@unocss/config" "0.45.28"
    "@unocss/core" "0.45.28"
    "@unocss/preset-uno" "0.45.28"
    cac "^6.7.14"
    chokidar "^3.5.3"
    colorette "^2.0.19"
    consola "^2.15.3"
    fast-glob "^3.2.12"
    magic-string "^0.26.6"
    pathe "^0.3.9"
    perfect-debounce "^0.1.3"

"@unocss/config@0.45.28":
  version "0.45.28"
  resolved "https://registry.npmmirror.com/@unocss/config/-/config-0.45.28.tgz#24afe9b7ae8a419dd3384a0043bafdbb48f58899"
  integrity sha512-SYjOztgPtUgFpBDXcV5WPn5vId36KgeDcxC+rspvHS5/HKxU8cRL2oxc+3Atie6oguxpySwBYWO8M/zbvkM8xA==
  dependencies:
    "@unocss/core" "0.45.28"
    unconfig "^0.3.7"

"@unocss/core@0.45.28":
  version "0.45.28"
  resolved "https://registry.npmmirror.com/@unocss/core/-/core-0.45.28.tgz#c9a7824a006448f10c09af358a0eec4197d58977"
  integrity sha512-uq8gjzncNtynMu6XMl95LhxGWEw21o1b1UIny/3a/ZceJtNH2OcgdWa74fi5ky32V0ul8Mh35AyAbEUvBvjkPg==

"@unocss/inspector@0.45.28":
  version "0.45.28"
  resolved "https://registry.npmmirror.com/@unocss/inspector/-/inspector-0.45.28.tgz#8e62a008b11cea0ab720027a1d0beb6e46d0d1eb"
  integrity sha512-OtGXpujjNDhkSYFCi4QyqPvU79t5tCwJ87Mx9zIGyMmWRRtu9TFj3QxxCgGMmfbohE5tyVwfMkhI2oBi+8bAJQ==
  dependencies:
    gzip-size "^6.0.0"
    sirv "^2.0.2"

"@unocss/preset-attributify@0.45.28":
  version "0.45.28"
  resolved "https://registry.npmmirror.com/@unocss/preset-attributify/-/preset-attributify-0.45.28.tgz#105e7464c5796ca3207521324d050e3917f3efac"
  integrity sha512-Ws0YLoN+hTp1l9AWptATkocb8Z0D3tC47Hw5oJIznquJ4LXWndZIs+eESpgOTYA3mzANvtd7wjYZRas7VX7ZOA==
  dependencies:
    "@unocss/core" "0.45.28"

"@unocss/preset-icons@0.45.28":
  version "0.45.28"
  resolved "https://registry.npmmirror.com/@unocss/preset-icons/-/preset-icons-0.45.28.tgz#61953dbafb890cbb6da3257015f458ed878cc7c4"
  integrity sha512-0/Sa/ZU0XrV/YmTAJEvcvI39oI5CvCZSS3cFRUznvYZ1mWo1MYI9XH6q2eASMlWe4dMfoEFWvPw+FZA+20KYwA==
  dependencies:
    "@iconify/utils" "^2.0.0"
    "@unocss/core" "0.45.28"
    ohmyfetch "^0.4.19"

"@unocss/preset-mini@0.45.28":
  version "0.45.28"
  resolved "https://registry.npmmirror.com/@unocss/preset-mini/-/preset-mini-0.45.28.tgz#ab9cfcb36cf8b9af5a46afecf9d9b371356447d5"
  integrity sha512-LRGzO2kYgzR3iOD7avOsC7W7Sa5fuO9iYovwm5ZOxPsfk6Zvl6jVHDuDdndXpWeyJwpWXRDP1ytNd4OuQMAGNw==
  dependencies:
    "@unocss/core" "0.45.28"

"@unocss/preset-tagify@0.45.28":
  version "0.45.28"
  resolved "https://registry.npmmirror.com/@unocss/preset-tagify/-/preset-tagify-0.45.28.tgz#a38ca67cf123d1938a1135f3a5ad4d98e624c150"
  integrity sha512-UB8Z3KhnTTpG4YQUcpgO2qqdCI+TNOE/gBSx5SiyJAgvpp2ZI5wEAaPiO+Xo5HE83F8REIMC5JDMyGjcBwezPA==
  dependencies:
    "@unocss/core" "0.45.28"

"@unocss/preset-typography@0.45.28":
  version "0.45.28"
  resolved "https://registry.npmmirror.com/@unocss/preset-typography/-/preset-typography-0.45.28.tgz#ca692c8e6879a1a1d01a4deb143671f28e971a8b"
  integrity sha512-7QjRgPzONQ1lLktmP23mEsR+pUA0kGa9WI65WTqTFFnIWazkESKzs95KaO13C4JA+WxW535F6nhr6Uf+Cxy2ig==
  dependencies:
    "@unocss/core" "0.45.28"

"@unocss/preset-uno@0.45.28":
  version "0.45.28"
  resolved "https://registry.npmmirror.com/@unocss/preset-uno/-/preset-uno-0.45.28.tgz#6f712772d3659dd7c3b004911fd32b24739b7395"
  integrity sha512-Xv0cXWpaWImx/LENb//+9N+5BG2qWG+0E98qY79H89Eyyd1L99oBa4USQ0ec4Oz0CP3wekSzxtNdNHfzD257+A==
  dependencies:
    "@unocss/core" "0.45.28"
    "@unocss/preset-mini" "0.45.28"
    "@unocss/preset-wind" "0.45.28"

"@unocss/preset-web-fonts@0.45.28":
  version "0.45.28"
  resolved "https://registry.npmmirror.com/@unocss/preset-web-fonts/-/preset-web-fonts-0.45.28.tgz#4d4ce978b6f561e10ac04e181e91b29cdb0c19fc"
  integrity sha512-YTBQzCbSa24ylBfk9vSAWqGesv+uI4NAPuqwwJCRFY+HztHzJtfURKgRJXgm6z+j2s+lPeIyzZfZ41anokfxxQ==
  dependencies:
    "@unocss/core" "0.45.28"
    ohmyfetch "^0.4.19"

"@unocss/preset-wind@0.45.28":
  version "0.45.28"
  resolved "https://registry.npmmirror.com/@unocss/preset-wind/-/preset-wind-0.45.28.tgz#aafb50f5e5d6a1e4ee975aef530a621d5e5c451c"
  integrity sha512-AFZ58ZVg5y/8qE5iFFe0fo26IRgA+OiezNa9iEFx0YUt9C9P7CPv0FgV9V5mAaZQPq/1v4Eg+ts4mAbKfWneUQ==
  dependencies:
    "@unocss/core" "0.45.28"
    "@unocss/preset-mini" "0.45.28"

"@unocss/reset@0.45.28":
  version "0.45.28"
  resolved "https://registry.npmmirror.com/@unocss/reset/-/reset-0.45.28.tgz#653504c3887a915015885373b4b01aa2704a0c5f"
  integrity sha512-OX45rv77YSUuj8g7lKTiDUN6cYSBNUxV9uzuFxKE5SctBYPEG1Aj2sZ8X/jk7v+421+LFY2Jidjs+XrhnLwFAA==

"@unocss/scope@0.45.28":
  version "0.45.28"
  resolved "https://registry.npmmirror.com/@unocss/scope/-/scope-0.45.28.tgz#cf2f32685296002f94d237976cbc142c226d0f57"
  integrity sha512-PnY2SGmX/PQ4UCMop4Vc62VEVz3H2kf7IdcjAWPmoXCkYFrcLDkFhJcq+V+5L5+ZO56zmj0xPYZ9TO2sLbFv+w==

"@unocss/transformer-attributify-jsx@0.45.28":
  version "0.45.28"
  resolved "https://registry.npmmirror.com/@unocss/transformer-attributify-jsx/-/transformer-attributify-jsx-0.45.28.tgz#e875e3c107f1c1f6a5591e21df530092bc0a6913"
  integrity sha512-CyTwjWq7mYOm7y6tdSfBuU6dJesetbXKZBuhd2fRn2g5y5Z6cfxFN/kk+zHt3IcH0DOFO2L0tTp9fgA2d4Krqg==
  dependencies:
    "@unocss/core" "0.45.28"

"@unocss/transformer-compile-class@0.45.28":
  version "0.45.28"
  resolved "https://registry.npmmirror.com/@unocss/transformer-compile-class/-/transformer-compile-class-0.45.28.tgz#be3d019b0ad91e6c5f613d2d798914ba0cd19879"
  integrity sha512-FpSAaFNXzR60pwsEUU23WpPTCpqjsGt+SnCVzH30Lz6uUfiFs4z1ZOlJEPkk1DgPCoixJWT6Ov32MWUkpRJcyA==
  dependencies:
    "@unocss/core" "0.45.28"

"@unocss/transformer-directives@0.45.28":
  version "0.45.28"
  resolved "https://registry.npmmirror.com/@unocss/transformer-directives/-/transformer-directives-0.45.28.tgz#ad37b276f241e1bd317a9254e029dc17ebb32c55"
  integrity sha512-wWbNTe+X4k8Dv0bC4M8fZSjOTD8F7erjLsbXBZn6Lf6B2xt2SiDq9iiu07QLLwRBeBc1ATQil4MokdutOXXRPw==
  dependencies:
    "@unocss/core" "0.45.28"
    css-tree "^2.2.1"

"@unocss/transformer-variant-group@0.45.28":
  version "0.45.28"
  resolved "https://registry.npmmirror.com/@unocss/transformer-variant-group/-/transformer-variant-group-0.45.28.tgz#849109dcd2089463380fb6d6b8db6d86a9ce3c71"
  integrity sha512-RccssmySHSpi7tuZN/oJea0glzfxPa60/ytO/et17b3dXe0o0rzbwZnjujfLUZ1J5TIZejcfXAvHcXlM1/RYag==
  dependencies:
    "@unocss/core" "0.45.28"

"@unocss/vite@0.45.28":
  version "0.45.28"
  resolved "https://registry.npmmirror.com/@unocss/vite/-/vite-0.45.28.tgz#bee96622a9e514a6ca1e489f0b25a199b183a9b1"
  integrity sha512-GJOcnF1MWbrdklN3x7taQ/ulMOudXfsVmOp2kHAbYff9kKsm6uRy8oTXq61Nen8jwLQNHklBv3LqYn+RoTFtyw==
  dependencies:
    "@ampproject/remapping" "^2.2.0"
    "@rollup/pluginutils" "^4.2.1"
    "@unocss/config" "0.45.28"
    "@unocss/core" "0.45.28"
    "@unocss/inspector" "0.45.28"
    "@unocss/scope" "0.45.28"
    "@unocss/transformer-directives" "0.45.28"
    magic-string "^0.26.6"

anymatch@~3.1.2:
  version "3.1.2"
  resolved "https://registry.npmmirror.com/anymatch/-/anymatch-3.1.2.tgz#c0557c096af32f106198f4f4e2a383537e378716"
  integrity sha512-P43ePfOAIupkguHUycrc4qJ9kz8ZiuOUijaETwX7THt0Y/GNK7v0aa8rY816xWjZ7rJdA5XdMcpVFTKMq+RvWg==
  dependencies:
    normalize-path "^3.0.0"
    picomatch "^2.0.4"

binary-extensions@^2.0.0:
  version "2.2.0"
  resolved "https://registry.npmmirror.com/binary-extensions/-/binary-extensions-2.2.0.tgz#75f502eeaf9ffde42fc98829645be4ea76bd9e2d"
  integrity sha512-jDctJ/IVQbZoJykoeHbhXpOlNBqGNcwXJKJog42E5HDPUwQTSdjCHdihjj0DlnheQ7blbT6dHOafNAiS8ooQKA==

braces@^3.0.2, braces@~3.0.2:
  version "3.0.2"
  resolved "https://registry.npmmirror.com/braces/-/braces-3.0.2.tgz#3454e1a462ee8d599e236df336cd9ea4f8afe107"
  integrity sha512-b8um+L1RzM3WDSzvhm6gIz1yfTbBt6YTlcEKAvsmqCZZFw46z626lVj9j1yEPW33H5H+lBQpZMP1k8l+78Ha0A==
  dependencies:
    fill-range "^7.0.1"

busboy@^1.6.0:
  version "1.6.0"
  resolved "https://registry.npmmirror.com/busboy/-/busboy-1.6.0.tgz#966ea36a9502e43cdb9146962523b92f531f6893"
  integrity sha512-8SFQbg/0hQ9xy3UNTB0YEnsNBbWfhf7RtnzpL7TkBiTBRfrQ9Fxcnz7VJsleJpyp6rVLvXiuORqjlHi5q+PYuA==
  dependencies:
    streamsearch "^1.1.0"

cac@^6.7.14:
  version "6.7.14"
  resolved "https://registry.npmmirror.com/cac/-/cac-6.7.14.tgz#804e1e6f506ee363cb0e3ccbb09cad5dd9870959"
  integrity sha512-b6Ilus+c3RrdDk+JhLKUAQfzzgLEPy6wcXqS7f/xe1EETvsDP6GORG7SFuOs6cID5YkqchW/LXZbX5bc8j7ZcQ==

chokidar@^3.5.3:
  version "3.5.3"
  resolved "https://registry.npmmirror.com/chokidar/-/chokidar-3.5.3.tgz#1cf37c8707b932bd1af1ae22c0432e2acd1903bd"
  integrity sha512-Dr3sfKRP6oTcjf2JmUmFJfeVMvXBdegxB0iVQ5eb2V10uFJUCAS8OByZdVAyVb8xXNz3GjjTgj9kLWsZTqE6kw==
  dependencies:
    anymatch "~3.1.2"
    braces "~3.0.2"
    glob-parent "~5.1.2"
    is-binary-path "~2.1.0"
    is-glob "~4.0.1"
    normalize-path "~3.0.0"
    readdirp "~3.6.0"
  optionalDependencies:
    fsevents "~2.3.2"

colorette@^2.0.19:
  version "2.0.19"
  resolved "https://registry.npmmirror.com/colorette/-/colorette-2.0.19.tgz#cdf044f47ad41a0f4b56b3a0d5b4e6e1a2d5a798"
  integrity sha512-3tlv/dIP7FWvj3BsbHrGLJ6l/oKh1O3TcgBqMn+yyCagOxc23fyzDS6HypQbgxWbkpDnf52p1LuR4eWDQ/K9WQ==

consola@^2.15.3:
  version "2.15.3"
  resolved "https://registry.npmmirror.com/consola/-/consola-2.15.3.tgz#2e11f98d6a4be71ff72e0bdf07bd23e12cb61550"
  integrity sha512-9vAdYbHj6x2fLKC4+oPH0kFzY/orMZyG2Aj+kNylHxKGJ/Ed4dpNyAQYwJOdqO4zdM7XpVHmyejQDcQHrnuXbw==

cross-spawn@^7.0.3:
  version "7.0.3"
  resolved "https://registry.npmmirror.com/cross-spawn/-/cross-spawn-7.0.3.tgz#f73a85b9d5d41d045551c177e2882d4ac85728a6"
  integrity sha512-iRDPJKUPVEND7dHPO8rkbOnPpyDygcDFtWjpeWNCgy8WP2rXcxXL8TskReQl6OrB2G7+UJrags1q15Fudc7G6w==
  dependencies:
    path-key "^3.1.0"
    shebang-command "^2.0.0"
    which "^2.0.1"

css-tree@^2.2.1:
  version "2.2.1"
  resolved "https://registry.npmmirror.com/css-tree/-/css-tree-2.2.1.tgz#36115d382d60afd271e377f9c5f67d02bd48c032"
  integrity sha512-OA0mILzGc1kCOCSJerOeqDxDQ4HOh+G8NbOJFOTgOCzpw7fCBubk0fEyxp8AgOL/jvLgYA/uV0cMbe43ElF1JA==
  dependencies:
    mdn-data "2.0.28"
    source-map-js "^1.0.1"

debug@^4.3.4:
  version "4.3.4"
  resolved "https://registry.npmmirror.com/debug/-/debug-4.3.4.tgz#1319f6579357f2338d3337d2cdd4914bb5dcc865"
  integrity sha512-PRWFHuSU3eDtQJPvnNY7Jcket1j0t5OuOsFzPPzsekD52Zl8qUfFIPEiswXqIvHWGVHOgX+7G/vCNNhehwxfkQ==
  dependencies:
    ms "2.1.2"

defu@^6.1.0:
  version "6.1.0"
  resolved "https://registry.npmmirror.com/defu/-/defu-6.1.0.tgz#7a5411655da73335c7d933256911f17c74443e2d"
  integrity sha512-pOFYRTIhoKujrmbTRhcW5lYQLBXw/dlTwfI8IguF1QCDJOcJzNH1w+YFjxqy6BAuJrClTy6MUE8q+oKJ2FLsIw==

destr@^1.1.1:
  version "1.1.1"
  resolved "https://registry.npmmirror.com/destr/-/destr-1.1.1.tgz#910457d10a2f2f247add4ca4fdb4a03adcc49079"
  integrity sha512-QqkneF8LrYmwATMdnuD2MLI3GHQIcBnG6qFC2q9bSH430VTCDAVjcspPmUaKhPGtAtPAftIUFqY1obQYQuwmbg==

duplexer@^0.1.2:
  version "0.1.2"
  resolved "https://registry.npmmirror.com/duplexer/-/duplexer-0.1.2.tgz#3abe43aef3835f8ae077d136ddce0f276b0400e6"
  integrity sha512-jtD6YG370ZCIi/9GTaJKQxWTZD045+4R4hTk/x1UyoqadyJ9x9CgSi1RlVDQF8U2sxLLSnFkCaMihqljHIWgMg==

estree-walker@^2.0.1:
  version "2.0.2"
  resolved "https://registry.npmmirror.com/estree-walker/-/estree-walker-2.0.2.tgz#52f010178c2a4c117a7757cfe942adb7d2da4cac"
  integrity sha512-Rfkk/Mp/DL7JVje3u18FxFujQlTNR2q6QfMSMB7AvCBx91NGj/ba3kCfza0f6dVDbw7YlRf/nDrn7pQrCCyQ/w==

execa@^5.1.1:
  version "5.1.1"
  resolved "https://registry.npmmirror.com/execa/-/execa-5.1.1.tgz#f80ad9cbf4298f7bd1d4c9555c21e93741c411dd"
  integrity sha512-8uSpZZocAZRBAPIEINJj3Lo9HyGitllczc27Eh5YYojjMFMn8yHMDMaUHE2Jqfq05D/wucwI4JGURyXt1vchyg==
  dependencies:
    cross-spawn "^7.0.3"
    get-stream "^6.0.0"
    human-signals "^2.1.0"
    is-stream "^2.0.0"
    merge-stream "^2.0.0"
    npm-run-path "^4.0.1"
    onetime "^5.1.2"
    signal-exit "^3.0.3"
    strip-final-newline "^2.0.0"

fast-glob@^3.2.12:
  version "3.2.12"
  resolved "https://registry.npmmirror.com/fast-glob/-/fast-glob-3.2.12.tgz#7f39ec99c2e6ab030337142da9e0c18f37afae80"
  integrity sha512-DVj4CQIYYow0BlaelwK1pHl5n5cRSJfM60UA0zK891sVInoPri2Ekj7+e1CT3/3qxXenpI+nBBmQAcJPJgaj4w==
  dependencies:
    "@nodelib/fs.stat" "^2.0.2"
    "@nodelib/fs.walk" "^1.2.3"
    glob-parent "^5.1.2"
    merge2 "^1.3.0"
    micromatch "^4.0.4"

fastq@^1.6.0:
  version "1.13.0"
  resolved "https://registry.npmmirror.com/fastq/-/fastq-1.13.0.tgz#616760f88a7526bdfc596b7cab8c18938c36b98c"
  integrity sha512-YpkpUnK8od0o1hmeSc7UUs/eB/vIPWJYjKck2QKIzAf71Vm1AAQ3EbuZB3g2JIy+pg+ERD0vqI79KyZiB2e2Nw==
  dependencies:
    reusify "^1.0.4"

fill-range@^7.0.1:
  version "7.0.1"
  resolved "https://registry.npmmirror.com/fill-range/-/fill-range-7.0.1.tgz#1919a6a7c75fe38b2c7c77e5198535da9acdda40"
  integrity sha512-qOo9F+dMUmC2Lcb4BbVvnKJxTPjCm+RRpe4gDuGrzkL7mEVl/djYSu2OdQ2Pa302N4oqkSg9ir6jaLWJ2USVpQ==
  dependencies:
    to-regex-range "^5.0.1"

find-up@^5.0.0:
  version "5.0.0"
  resolved "https://registry.npmmirror.com/find-up/-/find-up-5.0.0.tgz#4c92819ecb7083561e4f4a240a86be5198f536fc"
  integrity sha512-78/PXT1wlLLDgTzDs7sjq9hzz0vXD+zn+7wypEe4fXQxCmdmqfGsEPQxmiCSQI3ajFV91bVSsvNtrJRiW6nGng==
  dependencies:
    locate-path "^6.0.0"
    path-exists "^4.0.0"

fsevents@~2.3.2:
  version "2.3.2"
  resolved "https://registry.npmmirror.com/fsevents/-/fsevents-2.3.2.tgz#8a526f78b8fdf4623b709e0b975c52c24c02fd1a"
  integrity sha512-xiqMQR4xAeHTuB9uWm+fFRcIOgKBMiOBP+eXiyT7jsgVCq1bkVygt00oASowB7EdtpOHaaPgKt812P9ab+DDKA==

get-stream@^6.0.0:
  version "6.0.1"
  resolved "https://registry.npmmirror.com/get-stream/-/get-stream-6.0.1.tgz#a262d8eef67aced57c2852ad6167526a43cbf7b7"
  integrity sha512-ts6Wi+2j3jQjqi70w5AlN8DFnkSwC+MqmxEzdEALB2qXZYV3X/b1CTfgPLGJNMeAWxdPfU8FO1ms3NUfaHCPYg==

glob-parent@^5.1.2, glob-parent@~5.1.2:
  version "5.1.2"
  resolved "https://registry.npmmirror.com/glob-parent/-/glob-parent-5.1.2.tgz#869832c58034fe68a4093c17dc15e8340d8401c4"
  integrity sha512-AOIgSQCepiJYwP3ARnGx+5VnTu2HBYdzbGP45eLw1vr3zB3vZLeyed1sC9hnbcOc9/SrMyM5RPQrkGz4aS9Zow==
  dependencies:
    is-glob "^4.0.1"

gzip-size@^6.0.0:
  version "6.0.0"
  resolved "https://registry.npmmirror.com/gzip-size/-/gzip-size-6.0.0.tgz#065367fd50c239c0671cbcbad5be3e2eeb10e462"
  integrity sha512-ax7ZYomf6jqPTQ4+XCpUGyXKHk5WweS+e05MBO4/y3WJ5RkmPXNKvX+bx1behVILVwr6JSQvZAku021CHPXG3Q==
  dependencies:
    duplexer "^0.1.2"

human-signals@^2.1.0:
  version "2.1.0"
  resolved "https://registry.npmmirror.com/human-signals/-/human-signals-2.1.0.tgz#dc91fcba42e4d06e4abaed33b3e7a3c02f514ea0"
  integrity sha512-B4FFZ6q/T2jhhksgkbEW3HBvWIfDW85snkQgawt07S7J5QXTk6BkNV+0yAeZrM5QpMAdYlocGoljn0sJ/WQkFw==

is-binary-path@~2.1.0:
  version "2.1.0"
  resolved "https://registry.npmmirror.com/is-binary-path/-/is-binary-path-2.1.0.tgz#ea1f7f3b80f064236e83470f86c09c254fb45b09"
  integrity sha512-ZMERYes6pDydyuGidse7OsHxtbI7WVeUEozgR/g7rd0xUimYNlvZRE/K2MgZTjWy725IfelLeVcEM97mmtRGXw==
  dependencies:
    binary-extensions "^2.0.0"

is-extglob@^2.1.1:
  version "2.1.1"
  resolved "https://registry.npmmirror.com/is-extglob/-/is-extglob-2.1.1.tgz#a88c02535791f02ed37c76a1b9ea9773c833f8c2"
  integrity sha512-SbKbANkN603Vi4jEZv49LeVJMn4yGwsbzZworEoyEiutsN3nJYdbO36zfhGJ6QEDpOZIFkDtnq5JRxmvl3jsoQ==

is-glob@^4.0.1, is-glob@~4.0.1:
  version "4.0.3"
  resolved "https://registry.npmmirror.com/is-glob/-/is-glob-4.0.3.tgz#64f61e42cbbb2eec2071a9dac0b28ba1e65d5084"
  integrity sha512-xelSayHH36ZgE7ZWhli7pW34hNbNl8Ojv5KVmkJD4hBdD3th8Tfk9vYasLM+mXWOZhFkgZfxhLSnrwRr4elSSg==
  dependencies:
    is-extglob "^2.1.1"

is-number@^7.0.0:
  version "7.0.0"
  resolved "https://registry.npmmirror.com/is-number/-/is-number-7.0.0.tgz#7535345b896734d5f80c4d06c50955527a14f12b"
  integrity sha512-41Cifkg6e8TylSpdtTpeLVMqvSBEVzTttHvERD741+pnZ8ANv0004MRL43QKPDlK9cGvNp6NZWZUBlbGXYxxng==

is-stream@^2.0.0:
  version "2.0.1"
  resolved "https://registry.npmmirror.com/is-stream/-/is-stream-2.0.1.tgz#fac1e3d53b97ad5a9d0ae9cef2389f5810a5c077"
  integrity sha512-hFoiJiTl63nn+kstHGBtewWSKnQLpyb155KHheA1l39uvtO9nWIop1p3udqPcUd/xbF1VLMO4n7OI6p7RbngDg==

isexe@^2.0.0:
  version "2.0.0"
  resolved "https://registry.npmmirror.com/isexe/-/isexe-2.0.0.tgz#e8fbf374dc556ff8947a10dcb0572d633f2cfa10"
  integrity sha512-RHxMLp9lnKHGHRng9QFhRCMbYAcVpn69smSGcq3f36xjgVVWThj4qqLbTLlq7Ssj8B+fIQ1EuCEGI2lKsyQeIw==

jiti@^1.16.0:
  version "1.16.0"
  resolved "https://registry.npmmirror.com/jiti/-/jiti-1.16.0.tgz#f72065954446ad1866fa8d6bcc3bed3cc1cebdaa"
  integrity sha512-L3BJStEf5NAqNuzrpfbN71dp43mYIcBUlCRea/vdyv5dW/AYa1d4bpelko4SHdY3I6eN9Wzyasxirj1/vv5kmg==

kolorist@^1.5.1:
  version "1.6.0"
  resolved "https://registry.npmmirror.com/kolorist/-/kolorist-1.6.0.tgz#f43ac794305b30032a5bedcae7799d0f91d2ff36"
  integrity sha512-dLkz37Ab97HWMx9KTes3Tbi3D1ln9fCAy2zr2YVExJasDRPGRaKcoE4fycWNtnCAJfjFqe0cnY+f8KT2JePEXQ==

local-pkg@^0.4.2:
  version "0.4.2"
  resolved "https://registry.npmmirror.com/local-pkg/-/local-pkg-0.4.2.tgz#13107310b77e74a0e513147a131a2ba288176c2f"
  integrity sha512-mlERgSPrbxU3BP4qBqAvvwlgW4MTg78iwJdGGnv7kibKjWcJksrG3t6LB5lXI93wXRDvG4NpUgJFmTG4T6rdrg==

locate-path@^6.0.0:
  version "6.0.0"
  resolved "https://registry.npmmirror.com/locate-path/-/locate-path-6.0.0.tgz#55321eb309febbc59c4801d931a72452a681d286"
  integrity sha512-iPZK6eYjbxRu3uB4/WZ3EsEIMJFMqAoopl3R+zuq0UjcAm/MO6KCweDgPfP3elTztoKP3KtnVHxTn2NHBSDVUw==
  dependencies:
    p-locate "^5.0.0"

magic-string@^0.26.6:
  version "0.26.6"
  resolved "https://registry.npmmirror.com/magic-string/-/magic-string-0.26.6.tgz#b61e417c9f40b7b53bf7e73c0a803258e20d25ee"
  integrity sha512-6d+3bFybzyQFJYSoRsl9ZC0wheze8M1LrQC7tNMRqXR4izUTDOLMd9BtSuExK9iAukFh+s5K0WAhc/dlQ+HKYA==
  dependencies:
    sourcemap-codec "^1.4.8"

mdn-data@2.0.28:
  version "2.0.28"
  resolved "https://registry.npmmirror.com/mdn-data/-/mdn-data-2.0.28.tgz#5ec48e7bef120654539069e1ae4ddc81ca490eba"
  integrity sha512-aylIc7Z9y4yzHYAJNuESG3hfhC+0Ibp/MAMiaOZgNv4pmEdFyfZhhhny4MNiAfWdBQ1RQ2mfDWmM1x8SvGyp8g==

merge-stream@^2.0.0:
  version "2.0.0"
  resolved "https://registry.npmmirror.com/merge-stream/-/merge-stream-2.0.0.tgz#52823629a14dd00c9770fb6ad47dc6310f2c1f60"
  integrity sha512-abv/qOcuPfk3URPfDzmZU1LKmuw8kT+0nIHvKrKgFrwifol/doWcdA4ZqsWQ8ENrFKkd67Mfpo/LovbIUsbt3w==

merge2@^1.3.0:
  version "1.4.1"
  resolved "https://registry.npmmirror.com/merge2/-/merge2-1.4.1.tgz#4368892f885e907455a6fd7dc55c0c9d404990ae"
  integrity sha512-8q7VEgMJW4J8tcfVPy8g09NcQwZdbwFEqhe/WZkoIzjn/3TGDwtOCYtXGxA3O8tPzpczCCDgv+P2P5y00ZJOOg==

micromatch@^4.0.4:
  version "4.0.5"
  resolved "https://registry.npmmirror.com/micromatch/-/micromatch-4.0.5.tgz#bc8999a7cbbf77cdc89f132f6e467051b49090c6"
  integrity sha512-DMy+ERcEW2q8Z2Po+WNXuw3c5YaUSFjAO5GsJqfEl7UjvtIuFKO6ZrKvcItdy98dwFI2N1tg3zNIdKaQT+aNdA==
  dependencies:
    braces "^3.0.2"
    picomatch "^2.3.1"

mimic-fn@^2.1.0:
  version "2.1.0"
  resolved "https://registry.npmmirror.com/mimic-fn/-/mimic-fn-2.1.0.tgz#7ed2c2ccccaf84d3ffcb7a69b57711fc2083401b"
  integrity sha512-OqbOk5oEQeAZ8WXWydlu9HJjz9WVdEIvamMCcXmuqUYjTknH/sqsWvhQ3vgwKFRR1HpjvNBKQ37nbJgYzGqGcg==

mrmime@^1.0.0:
  version "1.0.1"
  resolved "https://registry.npmmirror.com/mrmime/-/mrmime-1.0.1.tgz#5f90c825fad4bdd41dc914eff5d1a8cfdaf24f27"
  integrity sha512-hzzEagAgDyoU1Q6yg5uI+AorQgdvMCur3FcKf7NhMKWsaYg+RnbTyHRa/9IlLF9rf455MOCtcqqrQQ83pPP7Uw==

ms@2.1.2:
  version "2.1.2"
  resolved "https://registry.npmmirror.com/ms/-/ms-2.1.2.tgz#d09d1f357b443f493382a8eb3ccd183872ae6009"
  integrity sha512-sGkPx+VjMtmA6MX27oA4FBFELFCZZ4S4XqeGOXCv68tT+jb3vk/RyaKWP0PTKyWtmLSM0b+adUTEvbs1PEaH2w==

node-fetch-native@^0.1.5:
  version "0.1.7"
  resolved "https://registry.npmmirror.com/node-fetch-native/-/node-fetch-native-0.1.7.tgz#8a8ed0d5d1d1b89d34c6731a9d69d407c09df067"
  integrity sha512-hps7dFJM0IEF056JftDSSjWDAwW9v2clwHoUJiHyYgl+ojoqjKyWybljMlpTmlC1O+864qovNlRLyAIjRxu9Ag==

normalize-path@^3.0.0, normalize-path@~3.0.0:
  version "3.0.0"
  resolved "https://registry.npmmirror.com/normalize-path/-/normalize-path-3.0.0.tgz#0dcd69ff23a1c9b11fd0978316644a0388216a65"
  integrity sha512-6eZs5Ls3WtCisHWp9S2GUy8dqkpGi4BVSz3GaqiE6ezub0512ESztXUwUB6C6IKbQkY2Pnb/mD4WYojCRwcwLA==

npm-run-path@^4.0.1:
  version "4.0.1"
  resolved "https://registry.npmmirror.com/npm-run-path/-/npm-run-path-4.0.1.tgz#b7ecd1e5ed53da8e37a55e1c2269e0b97ed748ea"
  integrity sha512-S48WzZW777zhNIrn7gxOlISNAqi9ZC/uQFnRdbeIHhZhCA6UqpkOT8T1G7BvfdgP4Er8gF4sUbaS0i7QvIfCWw==
  dependencies:
    path-key "^3.0.0"

ohmyfetch@^0.4.19:
  version "0.4.19"
  resolved "https://registry.npmmirror.com/ohmyfetch/-/ohmyfetch-0.4.19.tgz#6df19245548a49f9614a0ef1a668988b50637454"
  integrity sha512-OH2xVeRPNsHkx+JFdq1ewe9EwVDfTrv6lsBHpIx8wIWXowP5FyLhhYVaXIVlPsW542rt7gmwK14FwIDWUXEO+Q==
  dependencies:
    destr "^1.1.1"
    node-fetch-native "^0.1.5"
    ufo "^0.8.5"
    undici "^5.10.0"

onetime@^5.1.2:
  version "5.1.2"
  resolved "https://registry.npmmirror.com/onetime/-/onetime-5.1.2.tgz#d0e96ebb56b07476df1dd9c4806e5237985ca45e"
  integrity sha512-kbpaSSGJTWdAY5KPVeMOKXSrPtr8C8C7wodJbcsd51jRnmD+GZu8Y0VoU6Dm5Z4vWr0Ig/1NKuWRKf7j5aaYSg==
  dependencies:
    mimic-fn "^2.1.0"

p-limit@^3.0.2:
  version "3.1.0"
  resolved "https://registry.npmmirror.com/p-limit/-/p-limit-3.1.0.tgz#e1daccbe78d0d1388ca18c64fea38e3e57e3706b"
  integrity sha512-TYOanM3wGwNGsZN2cVTYPArw454xnXj5qmWF1bEoAc4+cU/ol7GVh7odevjp1FNHduHc3KZMcFduxU5Xc6uJRQ==
  dependencies:
    yocto-queue "^0.1.0"

p-locate@^5.0.0:
  version "5.0.0"
  resolved "https://registry.npmmirror.com/p-locate/-/p-locate-5.0.0.tgz#83c8315c6785005e3bd021839411c9e110e6d834"
  integrity sha512-LaNjtRWUBY++zB5nE/NwcaoMylSPk+S+ZHNB1TzdbMJMny6dynpAGt7X/tl/QYq3TIeE6nxHppbo2LGymrG5Pw==
  dependencies:
    p-limit "^3.0.2"

path-exists@^4.0.0:
  version "4.0.0"
  resolved "https://registry.npmmirror.com/path-exists/-/path-exists-4.0.0.tgz#513bdbe2d3b95d7762e8c1137efa195c6c61b5b3"
  integrity sha512-ak9Qy5Q7jYb2Wwcey5Fpvg2KoAc/ZIhLSLOSBmRmygPsGwkVVt0fZa0qrtMz+m6tJTAHfZQ8FnmB4MG4LWy7/w==

path-key@^3.0.0, path-key@^3.1.0:
  version "3.1.1"
  resolved "https://registry.npmmirror.com/path-key/-/path-key-3.1.1.tgz#581f6ade658cbba65a0d3380de7753295054f375"
  integrity sha512-ojmeN0qd+y0jszEtoY48r0Peq5dwMEkIlCOu6Q5f41lfkswXuKtYrhgoTpLnyIcHm24Uhqx+5Tqm2InSwLhE6Q==

pathe@^0.3.9:
  version "0.3.9"
  resolved "https://registry.npmmirror.com/pathe/-/pathe-0.3.9.tgz#4baff768f37f03e3d9341502865fb93116f65191"
  integrity sha512-6Y6s0vT112P3jD8dGfuS6r+lpa0qqNrLyHPOwvXMnyNTQaYiwgau2DP3aNDsR13xqtGj7rrPo+jFUATpU6/s+g==

perfect-debounce@^0.1.3:
  version "0.1.3"
  resolved "https://registry.npmmirror.com/perfect-debounce/-/perfect-debounce-0.1.3.tgz#ff6798ea543a3ba1f0efeeaf97c0340f5c8871ce"
  integrity sha512-NOT9AcKiDGpnV/HBhI22Str++XWcErO/bALvHCuhv33owZW/CjH8KAFLZDCmu3727sihe0wTxpDhyGc6M8qacQ==

picomatch@^2.0.4, picomatch@^2.2.1, picomatch@^2.2.2, picomatch@^2.3.1:
  version "2.3.1"
  resolved "https://registry.npmmirror.com/picomatch/-/picomatch-2.3.1.tgz#3ba3833733646d9d3e4995946c1365a67fb07a42"
  integrity sha512-JU3teHTNjmE2VCGFzuY8EXzCDVwEqB2a8fsIvwaStHhAWJEeVd1o1QD80CU6+ZdEXXSLbSsuLwJjkCBWqRQUVA==

queue-microtask@^1.2.2:
  version "1.2.3"
  resolved "https://registry.npmmirror.com/queue-microtask/-/queue-microtask-1.2.3.tgz#4929228bbc724dfac43e0efb058caf7b6cfb6243"
  integrity sha512-NuaNSa6flKT5JaSYQzJok04JzTL1CA6aGhv5rfLW3PgqA+M2ChpZQnAC8h8i4ZFkBS8X5RqkDBHA7r4hej3K9A==

readdirp@~3.6.0:
  version "3.6.0"
  resolved "https://registry.npmmirror.com/readdirp/-/readdirp-3.6.0.tgz#74a370bd857116e245b29cc97340cd431a02a6c7"
  integrity sha512-hOS089on8RduqdbhvQ5Z37A0ESjsqz6qnRcffsMU3495FuTdqSm+7bhJ29JvIOsBDEEnan5DPu9t3To9VRlMzA==
  dependencies:
    picomatch "^2.2.1"

reusify@^1.0.4:
  version "1.0.4"
  resolved "https://registry.npmmirror.com/reusify/-/reusify-1.0.4.tgz#90da382b1e126efc02146e90845a88db12925d76"
  integrity sha512-U9nH88a3fc/ekCF1l0/UP1IosiuIjyTh7hBvXVMHYgVcfGvt897Xguj2UOLDeI5BG2m7/uwyaLVT6fbtCwTyzw==

run-parallel@^1.1.9:
  version "1.2.0"
  resolved "https://registry.npmmirror.com/run-parallel/-/run-parallel-1.2.0.tgz#66d1368da7bdf921eb9d95bd1a9229e7f21a43ee"
  integrity sha512-5l4VyZR86LZ/lDxZTR6jqL8AFE2S0IFLMP26AbjsLVADxHdhB/c0GUsH+y39UfCi3dzz8OlQuPmnaJOMoDHQBA==
  dependencies:
    queue-microtask "^1.2.2"

shebang-command@^2.0.0:
  version "2.0.0"
  resolved "https://registry.npmmirror.com/shebang-command/-/shebang-command-2.0.0.tgz#ccd0af4f8835fbdc265b82461aaf0c36663f34ea"
  integrity sha512-kHxr2zZpYtdmrN1qDjrrX/Z1rR1kG8Dx+gkpK1G4eXmvXswmcE1hTWBWYUzlraYw1/yZp6YuDY77YtvbN0dmDA==
  dependencies:
    shebang-regex "^3.0.0"

shebang-regex@^3.0.0:
  version "3.0.0"
  resolved "https://registry.npmmirror.com/shebang-regex/-/shebang-regex-3.0.0.tgz#ae16f1644d873ecad843b0307b143362d4c42172"
  integrity sha512-7++dFhtcx3353uBaq8DDR4NuxBetBzC7ZQOhmTQInHEd6bSrXdiEyzCvG07Z44UYdLShWUyXt5M/yhz8ekcb1A==

signal-exit@^3.0.3:
  version "3.0.7"
  resolved "https://registry.npmmirror.com/signal-exit/-/signal-exit-3.0.7.tgz#a9a1767f8af84155114eaabd73f99273c8f59ad9"
  integrity sha512-wnD2ZE+l+SPC/uoS0vXeE9L1+0wuaMqKlfz9AMUo38JsyLSBWSFcHR1Rri62LZc12vLr1gb3jl7iwQhgwpAbGQ==

sirv@^2.0.2:
  version "2.0.2"
  resolved "https://registry.npmmirror.com/sirv/-/sirv-2.0.2.tgz#128b9a628d77568139cff85703ad5497c46a4760"
  integrity sha512-4Qog6aE29nIjAOKe/wowFTxOdmbEZKb+3tsLljaBRzJwtqto0BChD2zzH0LhgCSXiI+V7X+Y45v14wBZQ1TK3w==
  dependencies:
    "@polka/url" "^1.0.0-next.20"
    mrmime "^1.0.0"
    totalist "^3.0.0"

source-map-js@^1.0.1:
  version "1.0.2"
  resolved "https://registry.npmmirror.com/source-map-js/-/source-map-js-1.0.2.tgz#adbc361d9c62df380125e7f161f71c826f1e490c"
  integrity sha512-R0XvVJ9WusLiqTCEiGCmICCMplcCkIwwR11mOSD9CR5u+IXYdiseeEuXCVAjS54zqwkLcPNnmU4OeJ6tUrWhDw==

sourcemap-codec@^1.4.8:
  version "1.4.8"
  resolved "https://registry.npmmirror.com/sourcemap-codec/-/sourcemap-codec-1.4.8.tgz#ea804bd94857402e6992d05a38ef1ae35a9ab4c4"
  integrity sha512-9NykojV5Uih4lgo5So5dtw+f0JgJX30KCNI8gwhz2J9A15wD0Ml6tjHKwf6fTSa6fAdVBdZeNOs9eJ71qCk8vA==

streamsearch@^1.1.0:
  version "1.1.0"
  resolved "https://registry.npmmirror.com/streamsearch/-/streamsearch-1.1.0.tgz#404dd1e2247ca94af554e841a8ef0eaa238da764"
  integrity sha512-Mcc5wHehp9aXz1ax6bZUyY5afg9u2rv5cqQI3mRrYkGC8rW2hM02jWuwjtL++LS5qinSyhj2QfLyNsuc+VsExg==

strip-final-newline@^2.0.0:
  version "2.0.0"
  resolved "https://registry.npmmirror.com/strip-final-newline/-/strip-final-newline-2.0.0.tgz#89b852fb2fcbe936f6f4b3187afb0a12c1ab58ad"
  integrity sha512-BrpvfNAE3dcvq7ll3xVumzjKjZQ5tI1sEUIKr3Uoks0XUl45St3FlatVqef9prk4jRDzhW6WZg+3bk93y6pLjA==

to-regex-range@^5.0.1:
  version "5.0.1"
  resolved "https://registry.npmmirror.com/to-regex-range/-/to-regex-range-5.0.1.tgz#1648c44aae7c8d988a326018ed72f5b4dd0392e4"
  integrity sha512-65P7iz6X5yEr1cwcgvQxbbIw7Uk3gOy5dIdtZ4rDveLqhrdJP+Li/Hx6tyK0NEb+2GCyneCMJiGqrADCSNk8sQ==
  dependencies:
    is-number "^7.0.0"

totalist@^3.0.0:
  version "3.0.0"
  resolved "https://registry.npmmirror.com/totalist/-/totalist-3.0.0.tgz#4ef9c58c5f095255cdc3ff2a0a55091c57a3a1bd"
  integrity sha512-eM+pCBxXO/njtF7vdFsHuqb+ElbxqtI4r5EAvk6grfAFyJ6IvWlSkfZ5T9ozC6xWw3Fj1fGoSmrl0gUs46JVIw==

ufo@^0.8.5:
  version "0.8.5"
  resolved "https://registry.npmmirror.com/ufo/-/ufo-0.8.5.tgz#e367b4205ece9d9723f2fa54f887d43ed1bce5d0"
  integrity sha512-e4+UtA5IRO+ha6hYklwj6r7BjiGMxS0O+UaSg9HbaTefg4kMkzj4tXzEBajRR+wkxf+golgAWKzLbytCUDMJAA==

unconfig@^0.3.7:
  version "0.3.7"
  resolved "https://registry.npmmirror.com/unconfig/-/unconfig-0.3.7.tgz#b18b86e3033d4016387c7b98cc6dfdc6d467b5c0"
  integrity sha512-1589b7oGa8ILBYpta7TndM5mLHLzHUqBfhszeZxuUBrjO/RoQ52VGVWsS3w0C0GLNxO9RPmqkf6BmIvBApaRdA==
  dependencies:
    "@antfu/utils" "^0.5.2"
    defu "^6.1.0"
    jiti "^1.16.0"

undici@^5.10.0:
  version "5.11.0"
  resolved "https://registry.npmmirror.com/undici/-/undici-5.11.0.tgz#1db25f285821828fc09d3804b9e2e934ae86fc13"
  integrity sha512-oWjWJHzFet0Ow4YZBkyiJwiK5vWqEYoH7BINzJAJOLedZ++JpAlCbUktW2GQ2DS2FpKmxD/JMtWUUWl1BtghGw==
  dependencies:
    busboy "^1.6.0"

unocss@^0.45.26:
  version "0.45.28"
  resolved "https://registry.npmmirror.com/unocss/-/unocss-0.45.28.tgz#2717ef9db2065063f69a40c4aa69f1878f281f27"
  integrity sha512-wfD+Eoqo2D3yxEY68Otl0sg1APgbQHJYCX5y/GsOWnMj9weOvI7fWfdg+OISlDwz2J2Ag7sHh6iuONEPi7CI8g==
  dependencies:
    "@unocss/astro" "0.45.28"
    "@unocss/cli" "0.45.28"
    "@unocss/core" "0.45.28"
    "@unocss/preset-attributify" "0.45.28"
    "@unocss/preset-icons" "0.45.28"
    "@unocss/preset-mini" "0.45.28"
    "@unocss/preset-tagify" "0.45.28"
    "@unocss/preset-typography" "0.45.28"
    "@unocss/preset-uno" "0.45.28"
    "@unocss/preset-web-fonts" "0.45.28"
    "@unocss/preset-wind" "0.45.28"
    "@unocss/reset" "0.45.28"
    "@unocss/transformer-attributify-jsx" "0.45.28"
    "@unocss/transformer-compile-class" "0.45.28"
    "@unocss/transformer-directives" "0.45.28"
    "@unocss/transformer-variant-group" "0.45.28"
    "@unocss/vite" "0.45.28"

which@^2.0.1:
  version "2.0.2"
  resolved "https://registry.npmmirror.com/which/-/which-2.0.2.tgz#7c6a8dd0a636a0327e10b59c9286eee93f3f51b1"
  integrity sha512-BLI3Tl1TW3Pvl70l3yq3Y64i+awpwXqsGBYWkkqMtnbXgrMD+yj7rhW0kuEDxzJaYXGjEW5ogapKNMEKNMjibA==
  dependencies:
    isexe "^2.0.0"

yocto-queue@^0.1.0:
  version "0.1.0"
  resolved "https://registry.npmmirror.com/yocto-queue/-/yocto-queue-0.1.0.tgz#0294eb3dee05028d31ee1a5fa2c556a6aaf10a1b"
  integrity sha512-rVksvsnNCdJ/ohGc6xgPwyN8eheCxsiLM8mxuE/t/mOVqJewPuO1miLpTHQiRgTKCLexL4MeAFVagts7HmNZ2Q==
